// !$*UTF8*$!
{
	archiveVersion = 1;
	classes = {
	};
	objectVersion = 52;
	objects = {

/* Begin PBXBuildFile section */
		AD07DD3225C0C27B00E0C2A1 /* NetworkService.swift in Sources */ = {isa = PBXBuildFile; fileRef = AD07DD3125C0C27B00E0C2A1 /* NetworkService.swift */; };
		AD07DD3625C0C5D800E0C2A1 /* LocalJSONResponseManager.swift in Sources */ = {isa = PBXBuildFile; fileRef = AD07DD3525C0C5D800E0C2A1 /* LocalJSONResponseManager.swift */; };
		AD07DD4325C0D5E700E0C2A1 /* FlickrServiceRouterTests.swift in Sources */ = {isa = PBXBuildFile; fileRef = AD07DD4225C0D5E700E0C2A1 /* FlickrServiceRouterTests.swift */; };
		AD0F44AA25BB6D2A0016D94D /* PlaceMarkDetailsViewControllerTests.swift in Sources */ = {isa = PBXBuildFile; fileRef = AD0F44A925BB6D2A0016D94D /* PlaceMarkDetailsViewControllerTests.swift */; };
		AD4B270A25ACF86A00A07613 /* MapViewController.swift in Sources */ = {isa = PBXBuildFile; fileRef = AD4B270925ACF86A00A07613 /* MapViewController.swift */; };
		AD4B271825ACFA3400A07613 /* MapViewControllerTests.swift in Sources */ = {isa = PBXBuildFile; fileRef = AD4B271725ACFA3400A07613 /* MapViewControllerTests.swift */; };
		AD4B273325ACFF8800A07613 /* MapKit.framework in Frameworks */ = {isa = PBXBuildFile; fileRef = AD4B273225ACFF8800A07613 /* MapKit.framework */; };
		AD61EC4225AF783F00C4A36C /* PlaceMarkDetailsViewController.swift in Sources */ = {isa = PBXBuildFile; fileRef = AD61EC4125AF783F00C4A36C /* PlaceMarkDetailsViewController.swift */; };
		AD87EBB925BEB4C400285D05 /* FlickrService.swift in Sources */ = {isa = PBXBuildFile; fileRef = AD87EBB825BEB4C400285D05 /* FlickrService.swift */; };
		AD87EBBD25BEB90800285D05 /* FlickrServiceTests.swift in Sources */ = {isa = PBXBuildFile; fileRef = AD87EBBC25BEB90800285D05 /* FlickrServiceTests.swift */; };
		AD87EBC125C0041400285D05 /* FlickrPhoto.swift in Sources */ = {isa = PBXBuildFile; fileRef = AD87EBC025C0041400285D05 /* FlickrPhoto.swift */; };
		AD87EBC525C0227F00285D05 /* GeoLocation.swift in Sources */ = {isa = PBXBuildFile; fileRef = AD87EBC425C0227F00285D05 /* GeoLocation.swift */; };
		AD9105FF25BA580600C19A9B /* NetworkConstants.swift in Sources */ = {isa = PBXBuildFile; fileRef = AD9105FE25BA580600C19A9B /* NetworkConstants.swift */; };
		AD91060625BA582E00C19A9B /* NetworkConstantsTests.swift in Sources */ = {isa = PBXBuildFile; fileRef = AD91060525BA582E00C19A9B /* NetworkConstantsTests.swift */; };
		ADB1C78825CAB04D00EAF145 /* PlaceMarkDetailsViewModel.swift in Sources */ = {isa = PBXBuildFile; fileRef = ADB1C78725CAB04D00EAF145 /* PlaceMarkDetailsViewModel.swift */; };
		ADD4AD5A25AA5E0300D33DBA /* AppDelegate.swift in Sources */ = {isa = PBXBuildFile; fileRef = ADD4AD5925AA5E0300D33DBA /* AppDelegate.swift */; };
		ADD4AD5C25AA5E0300D33DBA /* SceneDelegate.swift in Sources */ = {isa = PBXBuildFile; fileRef = ADD4AD5B25AA5E0300D33DBA /* SceneDelegate.swift */; };
		ADD4AD6125AA5E0300D33DBA /* Main.storyboard in Resources */ = {isa = PBXBuildFile; fileRef = ADD4AD5F25AA5E0300D33DBA /* Main.storyboard */; };
		ADD4AD6325AA5E0400D33DBA /* Assets.xcassets in Resources */ = {isa = PBXBuildFile; fileRef = ADD4AD6225AA5E0400D33DBA /* Assets.xcassets */; };
		ADD4AD6625AA5E0400D33DBA /* LaunchScreen.storyboard in Resources */ = {isa = PBXBuildFile; fileRef = ADD4AD6425AA5E0400D33DBA /* LaunchScreen.storyboard */; };
		ADD4AD9625AA6ED600D33DBA /* Alamofire in Frameworks */ = {isa = PBXBuildFile; productRef = ADD4AD9525AA6ED600D33DBA /* Alamofire */; };
		ADD4F14025C6FC220085A22C /* FeedPhotoCell.swift in Sources */ = {isa = PBXBuildFile; fileRef = ADD4F13E25C6FC210085A22C /* FeedPhotoCell.swift */; };
		ADD4F14125C6FC220085A22C /* FeedPhotoCell.xib in Resources */ = {isa = PBXBuildFile; fileRef = ADD4F13F25C6FC210085A22C /* FeedPhotoCell.xib */; };
		ADD4F14525C7E8280085A22C /* LoadingIndicatorView.swift in Sources */ = {isa = PBXBuildFile; fileRef = ADD4F14425C7E8280085A22C /* LoadingIndicatorView.swift */; };
		ADD97A1725CE6BCD00E42C00 /* PlaceMarkDetailsViewAnimation.swift in Sources */ = {isa = PBXBuildFile; fileRef = ADD97A1625CE6BCD00E42C00 /* PlaceMarkDetailsViewAnimation.swift */; };
		ADEA0DE225C19DDC003B2F40 /* LayoutManager.swift in Sources */ = {isa = PBXBuildFile; fileRef = ADEA0DE125C19DDC003B2F40 /* LayoutManager.swift */; };
		ADEA0DE725C1DE65003B2F40 /* PlaceMarkDetailsHeaderView.swift in Sources */ = {isa = PBXBuildFile; fileRef = ADEA0DE525C1DE65003B2F40 /* PlaceMarkDetailsHeaderView.swift */; };
		ADEA0DE825C1DE65003B2F40 /* PlaceMarkDetailsHeaderView.xib in Resources */ = {isa = PBXBuildFile; fileRef = ADEA0DE625C1DE65003B2F40 /* PlaceMarkDetailsHeaderView.xib */; };
		ADF2A3C225AE5A75004B2EFF /* Extensions and helpers.swift in Sources */ = {isa = PBXBuildFile; fileRef = ADF2A3C125AE5A75004B2EFF /* Extensions and helpers.swift */; };
/* End PBXBuildFile section */

/* Begin PBXContainerItemProxy section */
		ADD4AD6D25AA5E0400D33DBA /* PBXContainerItemProxy */ = {
			isa = PBXContainerItemProxy;
			containerPortal = ADD4AD4E25AA5E0300D33DBA /* Project object */;
			proxyType = 1;
			remoteGlobalIDString = ADD4AD5525AA5E0300D33DBA;
			remoteInfo = FlickrEye;
		};
/* End PBXContainerItemProxy section */

/* Begin PBXFileReference section */
		AD07DD3125C0C27B00E0C2A1 /* NetworkService.swift */ = {isa = PBXFileReference; lastKnownFileType = sourcecode.swift; path = NetworkService.swift; sourceTree = "<group>"; };
		AD07DD3525C0C5D800E0C2A1 /* LocalJSONResponseManager.swift */ = {isa = PBXFileReference; lastKnownFileType = sourcecode.swift; path = LocalJSONResponseManager.swift; sourceTree = "<group>"; };
		AD07DD4225C0D5E700E0C2A1 /* FlickrServiceRouterTests.swift */ = {isa = PBXFileReference; lastKnownFileType = sourcecode.swift; path = FlickrServiceRouterTests.swift; sourceTree = "<group>"; };
		AD0F44A925BB6D2A0016D94D /* PlaceMarkDetailsViewControllerTests.swift */ = {isa = PBXFileReference; lastKnownFileType = sourcecode.swift; path = PlaceMarkDetailsViewControllerTests.swift; sourceTree = "<group>"; };
		AD4B270925ACF86A00A07613 /* MapViewController.swift */ = {isa = PBXFileReference; lastKnownFileType = sourcecode.swift; path = MapViewController.swift; sourceTree = "<group>"; };
		AD4B271725ACFA3400A07613 /* MapViewControllerTests.swift */ = {isa = PBXFileReference; lastKnownFileType = sourcecode.swift; path = MapViewControllerTests.swift; sourceTree = "<group>"; };
		AD4B271C25ACFAE200A07613 /* MapKit.framework */ = {isa = PBXFileReference; lastKnownFileType = wrapper.framework; name = MapKit.framework; path = System/Library/Frameworks/MapKit.framework; sourceTree = SDKROOT; };
		AD4B273225ACFF8800A07613 /* MapKit.framework */ = {isa = PBXFileReference; lastKnownFileType = wrapper.framework; name = MapKit.framework; path = Platforms/MacOSX.platform/Developer/SDKs/MacOSX11.0.sdk/System/iOSSupport/System/Library/Frameworks/MapKit.framework; sourceTree = DEVELOPER_DIR; };
		AD61EC4125AF783F00C4A36C /* PlaceMarkDetailsViewController.swift */ = {isa = PBXFileReference; lastKnownFileType = sourcecode.swift; path = PlaceMarkDetailsViewController.swift; sourceTree = "<group>"; };
		AD87EBB825BEB4C400285D05 /* FlickrService.swift */ = {isa = PBXFileReference; lastKnownFileType = sourcecode.swift; path = FlickrService.swift; sourceTree = "<group>"; };
		AD87EBBC25BEB90800285D05 /* FlickrServiceTests.swift */ = {isa = PBXFileReference; lastKnownFileType = sourcecode.swift; path = FlickrServiceTests.swift; sourceTree = "<group>"; };
		AD87EBC025C0041400285D05 /* FlickrPhoto.swift */ = {isa = PBXFileReference; lastKnownFileType = sourcecode.swift; path = FlickrPhoto.swift; sourceTree = "<group>"; };
		AD87EBC425C0227F00285D05 /* GeoLocation.swift */ = {isa = PBXFileReference; lastKnownFileType = sourcecode.swift; path = GeoLocation.swift; sourceTree = "<group>"; };
		AD9105FE25BA580600C19A9B /* NetworkConstants.swift */ = {isa = PBXFileReference; fileEncoding = 4; lastKnownFileType = sourcecode.swift; path = NetworkConstants.swift; sourceTree = "<group>"; };
		AD91060525BA582E00C19A9B /* NetworkConstantsTests.swift */ = {isa = PBXFileReference; fileEncoding = 4; lastKnownFileType = sourcecode.swift; path = NetworkConstantsTests.swift; sourceTree = "<group>"; };
		ADB1C78725CAB04D00EAF145 /* PlaceMarkDetailsViewModel.swift */ = {isa = PBXFileReference; lastKnownFileType = sourcecode.swift; path = PlaceMarkDetailsViewModel.swift; sourceTree = "<group>"; };
		ADD4AD5625AA5E0300D33DBA /* FlickrEye.app */ = {isa = PBXFileReference; explicitFileType = wrapper.application; includeInIndex = 0; path = FlickrEye.app; sourceTree = BUILT_PRODUCTS_DIR; };
		ADD4AD5925AA5E0300D33DBA /* AppDelegate.swift */ = {isa = PBXFileReference; lastKnownFileType = sourcecode.swift; path = AppDelegate.swift; sourceTree = "<group>"; };
		ADD4AD5B25AA5E0300D33DBA /* SceneDelegate.swift */ = {isa = PBXFileReference; lastKnownFileType = sourcecode.swift; path = SceneDelegate.swift; sourceTree = "<group>"; };
		ADD4AD6025AA5E0300D33DBA /* Base */ = {isa = PBXFileReference; lastKnownFileType = file.storyboard; name = Base; path = Base.lproj/Main.storyboard; sourceTree = "<group>"; };
		ADD4AD6225AA5E0400D33DBA /* Assets.xcassets */ = {isa = PBXFileReference; lastKnownFileType = folder.assetcatalog; path = Assets.xcassets; sourceTree = "<group>"; };
		ADD4AD6525AA5E0400D33DBA /* Base */ = {isa = PBXFileReference; lastKnownFileType = file.storyboard; name = Base; path = Base.lproj/LaunchScreen.storyboard; sourceTree = "<group>"; };
		ADD4AD6725AA5E0400D33DBA /* Info.plist */ = {isa = PBXFileReference; lastKnownFileType = text.plist.xml; path = Info.plist; sourceTree = "<group>"; };
		ADD4AD6C25AA5E0400D33DBA /* FlickrEyeTests.xctest */ = {isa = PBXFileReference; explicitFileType = wrapper.cfbundle; includeInIndex = 0; path = FlickrEyeTests.xctest; sourceTree = BUILT_PRODUCTS_DIR; };
		ADD4AD7225AA5E0400D33DBA /* Info.plist */ = {isa = PBXFileReference; lastKnownFileType = text.plist.xml; path = Info.plist; sourceTree = "<group>"; };
		ADD4F13E25C6FC210085A22C /* FeedPhotoCell.swift */ = {isa = PBXFileReference; lastKnownFileType = sourcecode.swift; path = FeedPhotoCell.swift; sourceTree = "<group>"; };
		ADD4F13F25C6FC210085A22C /* FeedPhotoCell.xib */ = {isa = PBXFileReference; lastKnownFileType = file.xib; path = FeedPhotoCell.xib; sourceTree = "<group>"; };
		ADD4F14425C7E8280085A22C /* LoadingIndicatorView.swift */ = {isa = PBXFileReference; lastKnownFileType = sourcecode.swift; path = LoadingIndicatorView.swift; sourceTree = "<group>"; };
		ADD97A1625CE6BCD00E42C00 /* PlaceMarkDetailsViewAnimation.swift */ = {isa = PBXFileReference; lastKnownFileType = sourcecode.swift; path = PlaceMarkDetailsViewAnimation.swift; sourceTree = "<group>"; };
		ADEA0DE125C19DDC003B2F40 /* LayoutManager.swift */ = {isa = PBXFileReference; lastKnownFileType = sourcecode.swift; path = LayoutManager.swift; sourceTree = "<group>"; };
		ADEA0DE525C1DE65003B2F40 /* PlaceMarkDetailsHeaderView.swift */ = {isa = PBXFileReference; lastKnownFileType = sourcecode.swift; path = PlaceMarkDetailsHeaderView.swift; sourceTree = "<group>"; };
		ADEA0DE625C1DE65003B2F40 /* PlaceMarkDetailsHeaderView.xib */ = {isa = PBXFileReference; lastKnownFileType = file.xib; path = PlaceMarkDetailsHeaderView.xib; sourceTree = "<group>"; };
		ADF2A3C125AE5A75004B2EFF /* Extensions and helpers.swift */ = {isa = PBXFileReference; lastKnownFileType = sourcecode.swift; path = "Extensions and helpers.swift"; sourceTree = "<group>"; };
/* End PBXFileReference section */

/* Begin PBXFrameworksBuildPhase section */
		ADD4AD5325AA5E0300D33DBA /* Frameworks */ = {
			isa = PBXFrameworksBuildPhase;
			buildActionMask = 2147483647;
			files = (
				ADD4AD9625AA6ED600D33DBA /* Alamofire in Frameworks */,
			);
			runOnlyForDeploymentPostprocessing = 0;
		};
		ADD4AD6925AA5E0400D33DBA /* Frameworks */ = {
			isa = PBXFrameworksBuildPhase;
			buildActionMask = 2147483647;
			files = (
				AD4B273325ACFF8800A07613 /* MapKit.framework in Frameworks */,
			);
			runOnlyForDeploymentPostprocessing = 0;
		};
/* End PBXFrameworksBuildPhase section */

/* Begin PBXGroup section */
		AD07DD3925C0D45300E0C2A1 /* FlickrService Tests */ = {
			isa = PBXGroup;
			children = (
				AD87EBBC25BEB90800285D05 /* FlickrServiceTests.swift */,
				AD07DD4225C0D5E700E0C2A1 /* FlickrServiceRouterTests.swift */,
			);
			path = "FlickrService Tests";
			sourceTree = "<group>";
		};
		AD25CD9525C02E2E006C7E09 /* Models */ = {
			isa = PBXGroup;
			children = (
				AD87EBC025C0041400285D05 /* FlickrPhoto.swift */,
				AD87EBC425C0227F00285D05 /* GeoLocation.swift */,
			);
			path = Models;
			sourceTree = "<group>";
		};
		AD4B270D25ACF8C100A07613 /* AppDelegate */ = {
			isa = PBXGroup;
			children = (
				ADD4AD5925AA5E0300D33DBA /* AppDelegate.swift */,
				ADD4AD5B25AA5E0300D33DBA /* SceneDelegate.swift */,
			);
			path = AppDelegate;
			sourceTree = "<group>";
		};
		AD4B271025ACF8D700A07613 /* MapViewController */ = {
			isa = PBXGroup;
			children = (
				ADD97A1625CE6BCD00E42C00 /* PlaceMarkDetailsViewAnimation.swift */,
				AD61EC4125AF783F00C4A36C /* PlaceMarkDetailsViewController.swift */,
				ADB1C78725CAB04D00EAF145 /* PlaceMarkDetailsViewModel.swift */,
				AD4B270925ACF86A00A07613 /* MapViewController.swift */,
				ADEA0DE125C19DDC003B2F40 /* LayoutManager.swift */,
			);
			path = MapViewController;
			sourceTree = "<group>";
		};
		AD4B271B25ACFAE200A07613 /* Frameworks */ = {
			isa = PBXGroup;
			children = (
				AD4B273225ACFF8800A07613 /* MapKit.framework */,
				AD4B271C25ACFAE200A07613 /* MapKit.framework */,
			);
			name = Frameworks;
			sourceTree = "<group>";
		};
		AD4B273625ACFFED00A07613 /* MapViewController Tests */ = {
			isa = PBXGroup;
			children = (
				AD4B271725ACFA3400A07613 /* MapViewControllerTests.swift */,
				AD0F44A925BB6D2A0016D94D /* PlaceMarkDetailsViewControllerTests.swift */,
			);
			path = "MapViewController Tests";
			sourceTree = "<group>";
		};
		AD91060225BA580B00C19A9B /* Networking */ = {
			isa = PBXGroup;
			children = (
				AD07DD3125C0C27B00E0C2A1 /* NetworkService.swift */,
				AD9105FE25BA580600C19A9B /* NetworkConstants.swift */,
				AD87EBB825BEB4C400285D05 /* FlickrService.swift */,
			);
			path = Networking;
			sourceTree = "<group>";
		};
		AD91060925BA583300C19A9B /* Networking Tests */ = {
			isa = PBXGroup;
			children = (
				AD07DD3925C0D45300E0C2A1 /* FlickrService Tests */,
				AD07DD3525C0C5D800E0C2A1 /* LocalJSONResponseManager.swift */,
				AD91060525BA582E00C19A9B /* NetworkConstantsTests.swift */,
			);
			path = "Networking Tests";
			sourceTree = "<group>";
		};
		ADD4AD4D25AA5E0300D33DBA = {
			isa = PBXGroup;
			children = (
				ADD4AD5825AA5E0300D33DBA /* FlickrEye */,
				ADD4AD6F25AA5E0400D33DBA /* FlickrEyeTests */,
				ADD4AD5725AA5E0300D33DBA /* Products */,
				AD4B271B25ACFAE200A07613 /* Frameworks */,
			);
			sourceTree = "<group>";
		};
		ADD4AD5725AA5E0300D33DBA /* Products */ = {
			isa = PBXGroup;
			children = (
				ADD4AD5625AA5E0300D33DBA /* FlickrEye.app */,
				ADD4AD6C25AA5E0400D33DBA /* FlickrEyeTests.xctest */,
			);
			name = Products;
			sourceTree = "<group>";
		};
		ADD4AD5825AA5E0300D33DBA /* FlickrEye */ = {
			isa = PBXGroup;
			children = (
				AD4B270D25ACF8C100A07613 /* AppDelegate */,
				ADD4AD8C25AA6A8800D33DBA /* Assets */,
				ADF2A3C525AE5A9F004B2EFF /* Extensions and helpers */,
				ADD4AD6725AA5E0400D33DBA /* Info.plist */,
				ADD4AD5F25AA5E0300D33DBA /* Main.storyboard */,
				AD4B271025ACF8D700A07613 /* MapViewController */,
				AD25CD9525C02E2E006C7E09 /* Models */,
				AD91060225BA580B00C19A9B /* Networking */,
				ADD4F14825C7E83A0085A22C /* Views */,
			);
			path = FlickrEye;
			sourceTree = "<group>";
		};
		ADD4AD6F25AA5E0400D33DBA /* FlickrEyeTests */ = {
			isa = PBXGroup;
			children = (
				AD91060925BA583300C19A9B /* Networking Tests */,
				AD4B273625ACFFED00A07613 /* MapViewController Tests */,
				ADD4AD7225AA5E0400D33DBA /* Info.plist */,
			);
			path = FlickrEyeTests;
			sourceTree = "<group>";
		};
		ADD4AD8C25AA6A8800D33DBA /* Assets */ = {
			isa = PBXGroup;
			children = (
				ADD4AD6225AA5E0400D33DBA /* Assets.xcassets */,
				ADD4AD6425AA5E0400D33DBA /* LaunchScreen.storyboard */,
			);
			path = Assets;
			sourceTree = "<group>";
		};
		ADD4F14825C7E83A0085A22C /* Views */ = {
			isa = PBXGroup;
			children = (
				ADD4F14425C7E8280085A22C /* LoadingIndicatorView.swift */,
				ADD4F13E25C6FC210085A22C /* FeedPhotoCell.swift */,
				ADD4F13F25C6FC210085A22C /* FeedPhotoCell.xib */,
				ADEA0DE525C1DE65003B2F40 /* PlaceMarkDetailsHeaderView.swift */,
				ADEA0DE625C1DE65003B2F40 /* PlaceMarkDetailsHeaderView.xib */,
			);
			path = Views;
			sourceTree = "<group>";
		};
		ADF2A3C525AE5A9F004B2EFF /* Extensions and helpers */ = {
			isa = PBXGroup;
			children = (
				ADF2A3C125AE5A75004B2EFF /* Extensions and helpers.swift */,
			);
			path = "Extensions and helpers";
			sourceTree = "<group>";
		};
/* End PBXGroup section */

/* Begin PBXNativeTarget section */
		ADD4AD5525AA5E0300D33DBA /* FlickrEye */ = {
			isa = PBXNativeTarget;
			buildConfigurationList = ADD4AD8025AA5E0400D33DBA /* Build configuration list for PBXNativeTarget "FlickrEye" */;
			buildPhases = (
				ADD4AD5225AA5E0300D33DBA /* Sources */,
				ADD4AD5325AA5E0300D33DBA /* Frameworks */,
				ADD4AD5425AA5E0300D33DBA /* Resources */,
			);
			buildRules = (
			);
			dependencies = (
			);
			name = FlickrEye;
			packageProductDependencies = (
				ADD4AD9525AA6ED600D33DBA /* Alamofire */,
			);
			productName = FlickrEye;
			productReference = ADD4AD5625AA5E0300D33DBA /* FlickrEye.app */;
			productType = "com.apple.product-type.application";
		};
		ADD4AD6B25AA5E0400D33DBA /* FlickrEyeTests */ = {
			isa = PBXNativeTarget;
			buildConfigurationList = ADD4AD8325AA5E0400D33DBA /* Build configuration list for PBXNativeTarget "FlickrEyeTests" */;
			buildPhases = (
				ADD4AD6825AA5E0400D33DBA /* Sources */,
				ADD4AD6925AA5E0400D33DBA /* Frameworks */,
				ADD4AD6A25AA5E0400D33DBA /* Resources */,
			);
			buildRules = (
			);
			dependencies = (
				ADD4AD6E25AA5E0400D33DBA /* PBXTargetDependency */,
			);
			name = FlickrEyeTests;
			productName = FlickrEyeTests;
			productReference = ADD4AD6C25AA5E0400D33DBA /* FlickrEyeTests.xctest */;
			productType = "com.apple.product-type.bundle.unit-test";
		};
/* End PBXNativeTarget section */

/* Begin PBXProject section */
		ADD4AD4E25AA5E0300D33DBA /* Project object */ = {
			isa = PBXProject;
			attributes = {
				LastSwiftUpdateCheck = 1220;
				LastUpgradeCheck = 1220;
				TargetAttributes = {
					ADD4AD5525AA5E0300D33DBA = {
						CreatedOnToolsVersion = 12.2;
					};
					ADD4AD6B25AA5E0400D33DBA = {
						CreatedOnToolsVersion = 12.2;
						LastSwiftMigration = 1220;
						TestTargetID = ADD4AD5525AA5E0300D33DBA;
					};
				};
			};
			buildConfigurationList = ADD4AD5125AA5E0300D33DBA /* Build configuration list for PBXProject "FlickrEye" */;
			compatibilityVersion = "Xcode 9.3";
			developmentRegion = en;
			hasScannedForEncodings = 0;
			knownRegions = (
				en,
				Base,
			);
			mainGroup = ADD4AD4D25AA5E0300D33DBA;
			packageReferences = (
				ADD4AD9425AA6ED600D33DBA /* XCRemoteSwiftPackageReference "Alamofire" */,
			);
			productRefGroup = ADD4AD5725AA5E0300D33DBA /* Products */;
			projectDirPath = "";
			projectRoot = "";
			targets = (
				ADD4AD5525AA5E0300D33DBA /* FlickrEye */,
				ADD4AD6B25AA5E0400D33DBA /* FlickrEyeTests */,
			);
		};
/* End PBXProject section */

/* Begin PBXResourcesBuildPhase section */
		ADD4AD5425AA5E0300D33DBA /* Resources */ = {
			isa = PBXResourcesBuildPhase;
			buildActionMask = 2147483647;
			files = (
				ADD4AD6625AA5E0400D33DBA /* LaunchScreen.storyboard in Resources */,
				ADEA0DE825C1DE65003B2F40 /* PlaceMarkDetailsHeaderView.xib in Resources */,
				ADD4F14125C6FC220085A22C /* FeedPhotoCell.xib in Resources */,
				ADD4AD6325AA5E0400D33DBA /* Assets.xcassets in Resources */,
				ADD4AD6125AA5E0300D33DBA /* Main.storyboard in Resources */,
			);
			runOnlyForDeploymentPostprocessing = 0;
		};
		ADD4AD6A25AA5E0400D33DBA /* Resources */ = {
			isa = PBXResourcesBuildPhase;
			buildActionMask = 2147483647;
			files = (
			);
			runOnlyForDeploymentPostprocessing = 0;
		};
/* End PBXResourcesBuildPhase section */

/* Begin PBXSourcesBuildPhase section */
		ADD4AD5225AA5E0300D33DBA /* Sources */ = {
			isa = PBXSourcesBuildPhase;
			buildActionMask = 2147483647;
			files = (
				AD07DD3225C0C27B00E0C2A1 /* NetworkService.swift in Sources */,
				AD9105FF25BA580600C19A9B /* NetworkConstants.swift in Sources */,
				AD87EBC525C0227F00285D05 /* GeoLocation.swift in Sources */,
				AD87EBB925BEB4C400285D05 /* FlickrService.swift in Sources */,
				ADD4AD5A25AA5E0300D33DBA /* AppDelegate.swift in Sources */,
				ADEA0DE225C19DDC003B2F40 /* LayoutManager.swift in Sources */,
				ADD4F14525C7E8280085A22C /* LoadingIndicatorView.swift in Sources */,
				ADD97A1725CE6BCD00E42C00 /* PlaceMarkDetailsViewAnimation.swift in Sources */,
				ADB1C78825CAB04D00EAF145 /* PlaceMarkDetailsViewModel.swift in Sources */,
				AD87EBC125C0041400285D05 /* FlickrPhoto.swift in Sources */,
				ADF2A3C225AE5A75004B2EFF /* Extensions and helpers.swift in Sources */,
				AD4B270A25ACF86A00A07613 /* MapViewController.swift in Sources */,
				ADD4F14025C6FC220085A22C /* FeedPhotoCell.swift in Sources */,
				AD61EC4225AF783F00C4A36C /* PlaceMarkDetailsViewController.swift in Sources */,
				ADEA0DE725C1DE65003B2F40 /* PlaceMarkDetailsHeaderView.swift in Sources */,
				ADD4AD5C25AA5E0300D33DBA /* SceneDelegate.swift in Sources */,
			);
			runOnlyForDeploymentPostprocessing = 0;
		};
		ADD4AD6825AA5E0400D33DBA /* Sources */ = {
			isa = PBXSourcesBuildPhase;
			buildActionMask = 2147483647;
			files = (
				AD0F44AA25BB6D2A0016D94D /* PlaceMarkDetailsViewControllerTests.swift in Sources */,
				AD07DD3625C0C5D800E0C2A1 /* LocalJSONResponseManager.swift in Sources */,
				AD91060625BA582E00C19A9B /* NetworkConstantsTests.swift in Sources */,
				AD4B271825ACFA3400A07613 /* MapViewControllerTests.swift in Sources */,
				AD87EBBD25BEB90800285D05 /* FlickrServiceTests.swift in Sources */,
				AD07DD4325C0D5E700E0C2A1 /* FlickrServiceRouterTests.swift in Sources */,
			);
			runOnlyForDeploymentPostprocessing = 0;
		};
/* End PBXSourcesBuildPhase section */

/* Begin PBXTargetDependency section */
		ADD4AD6E25AA5E0400D33DBA /* PBXTargetDependency */ = {
			isa = PBXTargetDependency;
			target = ADD4AD5525AA5E0300D33DBA /* FlickrEye */;
			targetProxy = ADD4AD6D25AA5E0400D33DBA /* PBXContainerItemProxy */;
		};
/* End PBXTargetDependency section */

/* Begin PBXVariantGroup section */
		ADD4AD5F25AA5E0300D33DBA /* Main.storyboard */ = {
			isa = PBXVariantGroup;
			children = (
				ADD4AD6025AA5E0300D33DBA /* Base */,
			);
			name = Main.storyboard;
			sourceTree = "<group>";
		};
		ADD4AD6425AA5E0400D33DBA /* LaunchScreen.storyboard */ = {
			isa = PBXVariantGroup;
			children = (
				ADD4AD6525AA5E0400D33DBA /* Base */,
			);
			name = LaunchScreen.storyboard;
			sourceTree = "<group>";
		};
/* End PBXVariantGroup section */

/* Begin XCBuildConfiguration section */
		ADD4AD7E25AA5E0400D33DBA /* Debug */ = {
			isa = XCBuildConfiguration;
			buildSettings = {
				ALWAYS_SEARCH_USER_PATHS = NO;
				CLANG_ANALYZER_NONNULL = YES;
				CLANG_ANALYZER_NUMBER_OBJECT_CONVERSION = YES_AGGRESSIVE;
				CLANG_CXX_LANGUAGE_STANDARD = "gnu++14";
				CLANG_CXX_LIBRARY = "libc++";
				CLANG_ENABLE_MODULES = YES;
				CLANG_ENABLE_OBJC_ARC = YES;
				CLANG_ENABLE_OBJC_WEAK = YES;
				CLANG_WARN_BLOCK_CAPTURE_AUTORELEASING = YES;
				CLANG_WARN_BOOL_CONVERSION = YES;
				CLANG_WARN_COMMA = YES;
				CLANG_WARN_CONSTANT_CONVERSION = YES;
				CLANG_WARN_DEPRECATED_OBJC_IMPLEMENTATIONS = YES;
				CLANG_WARN_DIRECT_OBJC_ISA_USAGE = YES_ERROR;
				CLANG_WARN_DOCUMENTATION_COMMENTS = YES;
				CLANG_WARN_EMPTY_BODY = YES;
				CLANG_WARN_ENUM_CONVERSION = YES;
				CLANG_WARN_INFINITE_RECURSION = YES;
				CLANG_WARN_INT_CONVERSION = YES;
				CLANG_WARN_NON_LITERAL_NULL_CONVERSION = YES;
				CLANG_WARN_OBJC_IMPLICIT_RETAIN_SELF = YES;
				CLANG_WARN_OBJC_LITERAL_CONVERSION = YES;
				CLANG_WARN_OBJC_ROOT_CLASS = YES_ERROR;
				CLANG_WARN_QUOTED_INCLUDE_IN_FRAMEWORK_HEADER = YES;
				CLANG_WARN_RANGE_LOOP_ANALYSIS = YES;
				CLANG_WARN_STRICT_PROTOTYPES = YES;
				CLANG_WARN_SUSPICIOUS_MOVE = YES;
				CLANG_WARN_UNGUARDED_AVAILABILITY = YES_AGGRESSIVE;
				CLANG_WARN_UNREACHABLE_CODE = YES;
				CLANG_WARN__DUPLICATE_METHOD_MATCH = YES;
				COPY_PHASE_STRIP = NO;
				DEBUG_INFORMATION_FORMAT = dwarf;
				ENABLE_STRICT_OBJC_MSGSEND = YES;
				ENABLE_TESTABILITY = YES;
				GCC_C_LANGUAGE_STANDARD = gnu11;
				GCC_DYNAMIC_NO_PIC = NO;
				GCC_NO_COMMON_BLOCKS = YES;
				GCC_OPTIMIZATION_LEVEL = 0;
				GCC_PREPROCESSOR_DEFINITIONS = (
					"DEBUG=1",
					"$(inherited)",
				);
				GCC_WARN_64_TO_32_BIT_CONVERSION = YES;
				GCC_WARN_ABOUT_RETURN_TYPE = YES_ERROR;
				GCC_WARN_UNDECLARED_SELECTOR = YES;
				GCC_WARN_UNINITIALIZED_AUTOS = YES_AGGRESSIVE;
				GCC_WARN_UNUSED_FUNCTION = YES;
				GCC_WARN_UNUSED_VARIABLE = YES;
				IPHONEOS_DEPLOYMENT_TARGET = 14.2;
				MTL_ENABLE_DEBUG_INFO = INCLUDE_SOURCE;
				MTL_FAST_MATH = YES;
				ONLY_ACTIVE_ARCH = YES;
				SDKROOT = iphoneos;
				SWIFT_ACTIVE_COMPILATION_CONDITIONS = DEBUG;
				SWIFT_OPTIMIZATION_LEVEL = "-Onone";
			};
			name = Debug;
		};
		ADD4AD7F25AA5E0400D33DBA /* Release */ = {
			isa = XCBuildConfiguration;
			buildSettings = {
				ALWAYS_SEARCH_USER_PATHS = NO;
				CLANG_ANALYZER_NONNULL = YES;
				CLANG_ANALYZER_NUMBER_OBJECT_CONVERSION = YES_AGGRESSIVE;
				CLANG_CXX_LANGUAGE_STANDARD = "gnu++14";
				CLANG_CXX_LIBRARY = "libc++";
				CLANG_ENABLE_MODULES = YES;
				CLANG_ENABLE_OBJC_ARC = YES;
				CLANG_ENABLE_OBJC_WEAK = YES;
				CLANG_WARN_BLOCK_CAPTURE_AUTORELEASING = YES;
				CLANG_WARN_BOOL_CONVERSION = YES;
				CLANG_WARN_COMMA = YES;
				CLANG_WARN_CONSTANT_CONVERSION = YES;
				CLANG_WARN_DEPRECATED_OBJC_IMPLEMENTATIONS = YES;
				CLANG_WARN_DIRECT_OBJC_ISA_USAGE = YES_ERROR;
				CLANG_WARN_DOCUMENTATION_COMMENTS = YES;
				CLANG_WARN_EMPTY_BODY = YES;
				CLANG_WARN_ENUM_CONVERSION = YES;
				CLANG_WARN_INFINITE_RECURSION = YES;
				CLANG_WARN_INT_CONVERSION = YES;
				CLANG_WARN_NON_LITERAL_NULL_CONVERSION = YES;
				CLANG_WARN_OBJC_IMPLICIT_RETAIN_SELF = YES;
				CLANG_WARN_OBJC_LITERAL_CONVERSION = YES;
				CLANG_WARN_OBJC_ROOT_CLASS = YES_ERROR;
				CLANG_WARN_QUOTED_INCLUDE_IN_FRAMEWORK_HEADER = YES;
				CLANG_WARN_RANGE_LOOP_ANALYSIS = YES;
				CLANG_WARN_STRICT_PROTOTYPES = YES;
				CLANG_WARN_SUSPICIOUS_MOVE = YES;
				CLANG_WARN_UNGUARDED_AVAILABILITY = YES_AGGRESSIVE;
				CLANG_WARN_UNREACHABLE_CODE = YES;
				CLANG_WARN__DUPLICATE_METHOD_MATCH = YES;
				COPY_PHASE_STRIP = NO;
				DEBUG_INFORMATION_FORMAT = "dwarf-with-dsym";
				ENABLE_NS_ASSERTIONS = NO;
				ENABLE_STRICT_OBJC_MSGSEND = YES;
				GCC_C_LANGUAGE_STANDARD = gnu11;
				GCC_NO_COMMON_BLOCKS = YES;
				GCC_WARN_64_TO_32_BIT_CONVERSION = YES;
				GCC_WARN_ABOUT_RETURN_TYPE = YES_ERROR;
				GCC_WARN_UNDECLARED_SELECTOR = YES;
				GCC_WARN_UNINITIALIZED_AUTOS = YES_AGGRESSIVE;
				GCC_WARN_UNUSED_FUNCTION = YES;
				GCC_WARN_UNUSED_VARIABLE = YES;
				IPHONEOS_DEPLOYMENT_TARGET = 14.2;
				MTL_ENABLE_DEBUG_INFO = NO;
				MTL_FAST_MATH = YES;
				SDKROOT = iphoneos;
				SWIFT_COMPILATION_MODE = wholemodule;
				SWIFT_OPTIMIZATION_LEVEL = "-O";
				VALIDATE_PRODUCT = YES;
			};
			name = Release;
		};
		ADD4AD8125AA5E0400D33DBA /* Debug */ = {
			isa = XCBuildConfiguration;
			buildSettings = {
				ASSETCATALOG_COMPILER_APPICON_NAME = AppIcon;
				ASSETCATALOG_COMPILER_GLOBAL_ACCENT_COLOR_NAME = AccentColor;
				CODE_SIGN_STYLE = Automatic;
				DEVELOPMENT_TEAM = 45VBTWJ842;
				INFOPLIST_FILE = FlickrEye/Info.plist;
				LD_RUNPATH_SEARCH_PATHS = (
					"$(inherited)",
					"@executable_path/Frameworks",
				);
				PRODUCT_BUNDLE_IDENTIFIER = com.mohammedmirsal.FlickrEye;
				PRODUCT_NAME = "$(TARGET_NAME)";
				SWIFT_VERSION = 5.0;
				TARGETED_DEVICE_FAMILY = "1,2";
			};
			name = Debug;
		};
		ADD4AD8225AA5E0400D33DBA /* Release */ = {
			isa = XCBuildConfiguration;
			buildSettings = {
				ASSETCATALOG_COMPILER_APPICON_NAME = AppIcon;
				ASSETCATALOG_COMPILER_GLOBAL_ACCENT_COLOR_NAME = AccentColor;
				CODE_SIGN_STYLE = Automatic;
				DEVELOPMENT_TEAM = 45VBTWJ842;
				INFOPLIST_FILE = FlickrEye/Info.plist;
				LD_RUNPATH_SEARCH_PATHS = (
					"$(inherited)",
					"@executable_path/Frameworks",
				);
				PRODUCT_BUNDLE_IDENTIFIER = com.mohammedmirsal.FlickrEye;
				PRODUCT_NAME = "$(TARGET_NAME)";
				SWIFT_VERSION = 5.0;
				TARGETED_DEVICE_FAMILY = "1,2";
			};
			name = Release;
		};
		ADD4AD8425AA5E0400D33DBA /* Debug */ = {
			isa = XCBuildConfiguration;
			buildSettings = {
				ALWAYS_EMBED_SWIFT_STANDARD_LIBRARIES = YES;
				BUNDLE_LOADER = "$(TEST_HOST)";
				CLANG_ENABLE_MODULES = YES;
				CODE_SIGN_STYLE = Automatic;
				DEVELOPMENT_TEAM = 45VBTWJ842;
				INFOPLIST_FILE = FlickrEyeTests/Info.plist;
				IPHONEOS_DEPLOYMENT_TARGET = 14.2;
				LD_RUNPATH_SEARCH_PATHS = (
					"$(inherited)",
					"@executable_path/Frameworks",
					"@loader_path/Frameworks",
				);
				PRODUCT_BUNDLE_IDENTIFIER = com.mohammedmirsal.FlickrEyeTests;
				PRODUCT_NAME = "$(TARGET_NAME)";
				SWIFT_OPTIMIZATION_LEVEL = "-Onone";
				SWIFT_VERSION = 5.0;
				TARGETED_DEVICE_FAMILY = "1,2";
				TEST_HOST = "$(BUILT_PRODUCTS_DIR)/FlickrEye.app/FlickrEye";
			};
			name = Debug;
		};
		ADD4AD8525AA5E0400D33DBA /* Release */ = {
			isa = XCBuildConfiguration;
			buildSettings = {
				ALWAYS_EMBED_SWIFT_STANDARD_LIBRARIES = YES;
				BUNDLE_LOADER = "$(TEST_HOST)";
				CLANG_ENABLE_MODULES = YES;
				CODE_SIGN_STYLE = Automatic;
				DEVELOPMENT_TEAM = 45VBTWJ842;
				INFOPLIST_FILE = FlickrEyeTests/Info.plist;
				IPHONEOS_DEPLOYMENT_TARGET = 14.2;
				LD_RUNPATH_SEARCH_PATHS = (
					"$(inherited)",
					"@executable_path/Frameworks",
					"@loader_path/Frameworks",
				);
				PRODUCT_BUNDLE_IDENTIFIER = com.mohammedmirsal.FlickrEyeTests;
				PRODUCT_NAME = "$(TARGET_NAME)";
				SWIFT_VERSION = 5.0;
				TARGETED_DEVICE_FAMILY = "1,2";
				TEST_HOST = "$(BUILT_PRODUCTS_DIR)/FlickrEye.app/FlickrEye";
			};
			name = Release;
		};
/* End XCBuildConfiguration section */

/* Begin XCConfigurationList section */
		ADD4AD5125AA5E0300D33DBA /* Build configuration list for PBXProject "FlickrEye" */ = {
			isa = XCConfigurationList;
			buildConfigurations = (
				ADD4AD7E25AA5E0400D33DBA /* Debug */,
				ADD4AD7F25AA5E0400D33DBA /* Release */,
			);
			defaultConfigurationIsVisible = 0;
			defaultConfigurationName = Release;
		};
		ADD4AD8025AA5E0400D33DBA /* Build configuration list for PBXNativeTarget "FlickrEye" */ = {
			isa = XCConfigurationList;
			buildConfigurations = (
				ADD4AD8125AA5E0400D33DBA /* Debug */,
				ADD4AD8225AA5E0400D33DBA /* Release */,
			);
			defaultConfigurationIsVisible = 0;
			defaultConfigurationName = Release;
		};
		ADD4AD8325AA5E0400D33DBA /* Build configuration list for PBXNativeTarget "FlickrEyeTests" */ = {
			isa = XCConfigurationList;
			buildConfigurations = (
				ADD4AD8425AA5E0400D33DBA /* Debug */,
				ADD4AD8525AA5E0400D33DBA /* Release */,
			);
			defaultConfigurationIsVisible = 0;
			defaultConfigurationName = Release;
		};
/* End XCConfigurationList section */

/* Begin XCRemoteSwiftPackageReference section */
		ADD4AD9425AA6ED600D33DBA /* XCRemoteSwiftPackageReference "Alamofire" */ = {
			isa = XCRemoteSwiftPackageReference;
			repositoryURL = "https://github.com/Alamofire/Alamofire";
			requirement = {
				kind = upToNextMajorVersion;
				minimumVersion = 5.4.1;
			};
		};
/* End XCRemoteSwiftPackageReference section */

/* Begin XCSwiftPackageProductDependency section */
		ADD4AD9525AA6ED600D33DBA /* Alamofire */ = {
			isa = XCSwiftPackageProductDependency;
			package = ADD4AD9425AA6ED600D33DBA /* XCRemoteSwiftPackageReference "Alamofire" */;
			productName = Alamofire;
		};
/* End XCSwiftPackageProductDependency section */
	};
	rootObject = ADD4AD4E25AA5E0300D33DBA /* Project object */;
}
